// !$*UTF8*$!
{
	archiveVersion = 1;
	classes = {
	};
	objectVersion = 50;
	objects = {

/* Begin PBXBuildFile section */
		10C0C1BA8D72E4705978601B /* Pods_FunLearningWithBaby.framework in Frameworks */ = {isa = PBXBuildFile; fileRef = 2F0F37DE4136078CFA1C9E14 /* Pods_FunLearningWithBaby.framework */; };
		9EE3538418265F3687C57C70 /* Pods_FunLearningWithBabyTests.framework in Frameworks */ = {isa = PBXBuildFile; fileRef = A1CF039176D983DE156A1A29 /* Pods_FunLearningWithBabyTests.framework */; };
		FB90297B21475C14003D2590 /* InputSpeechViewController.swift in Sources */ = {isa = PBXBuildFile; fileRef = FB90297A21475C14003D2590 /* InputSpeechViewController.swift */; };
		FB90297E21475EE5003D2590 /* MainTabBarViewController.swift in Sources */ = {isa = PBXBuildFile; fileRef = FB90297D21475EE5003D2590 /* MainTabBarViewController.swift */; };
		FB90298021475F29003D2590 /* HomeViewController.swift in Sources */ = {isa = PBXBuildFile; fileRef = FB90297F21475F29003D2590 /* HomeViewController.swift */; };
		FB902988214766C8003D2590 /* CPImageSlider.swift in Sources */ = {isa = PBXBuildFile; fileRef = FB902983214766C8003D2590 /* CPImageSlider.swift */; };
		FB902989214766C8003D2590 /* CPImageSlider.xib in Resources */ = {isa = PBXBuildFile; fileRef = FB902984214766C8003D2590 /* CPImageSlider.xib */; };
		FB90298A214766C8003D2590 /* cp_next_arrow.png in Resources */ = {isa = PBXBuildFile; fileRef = FB902986214766C8003D2590 /* cp_next_arrow.png */; };
		FB90298B214766C8003D2590 /* cp_prev_arrow.png in Resources */ = {isa = PBXBuildFile; fileRef = FB902987214766C8003D2590 /* cp_prev_arrow.png */; };
		FB90298E21476C86003D2590 /* BaseModel.swift in Sources */ = {isa = PBXBuildFile; fileRef = FB90298D21476C86003D2590 /* BaseModel.swift */; };
		FB9029962147CE58003D2590 /* ManagerPictureViewController.swift in Sources */ = {isa = PBXBuildFile; fileRef = FB9029952147CE58003D2590 /* ManagerPictureViewController.swift */; };
		FBD0892D214648AC002506BC /* AppDelegate.swift in Sources */ = {isa = PBXBuildFile; fileRef = FBD0892C214648AC002506BC /* AppDelegate.swift */; };
		FBD08932214648AC002506BC /* Main.storyboard in Resources */ = {isa = PBXBuildFile; fileRef = FBD08930214648AC002506BC /* Main.storyboard */; };
		FBD08937214648AE002506BC /* LaunchScreen.storyboard in Resources */ = {isa = PBXBuildFile; fileRef = FBD08935214648AE002506BC /* LaunchScreen.storyboard */; };
		FBD08942214648AE002506BC /* FunLearningWithBabyTests.swift in Sources */ = {isa = PBXBuildFile; fileRef = FBD08941214648AE002506BC /* FunLearningWithBabyTests.swift */; };
		FBD0894D214648AE002506BC /* FunLearningWithBabyUITests.swift in Sources */ = {isa = PBXBuildFile; fileRef = FBD0894C214648AE002506BC /* FunLearningWithBabyUITests.swift */; };
		FBD0896121464D57002506BC /* Mdate.swift in Sources */ = {isa = PBXBuildFile; fileRef = FBD0895B21464D57002506BC /* Mdate.swift */; };
		FBD0896221464D57002506BC /* NSObjectExtension.swift in Sources */ = {isa = PBXBuildFile; fileRef = FBD0895C21464D57002506BC /* NSObjectExtension.swift */; };
		FBD0896321464D57002506BC /* StringExtension.swift in Sources */ = {isa = PBXBuildFile; fileRef = FBD0895D21464D57002506BC /* StringExtension.swift */; };
		FBD0896421464D57002506BC /* UIDeviceExtension.swift in Sources */ = {isa = PBXBuildFile; fileRef = FBD0895E21464D57002506BC /* UIDeviceExtension.swift */; };
		FBD0896521464D57002506BC /* UILabelExtension.swift in Sources */ = {isa = PBXBuildFile; fileRef = FBD0895F21464D57002506BC /* UILabelExtension.swift */; };
		FBD0896621464D57002506BC /* UIViewExtension.swift in Sources */ = {isa = PBXBuildFile; fileRef = FBD0896021464D57002506BC /* UIViewExtension.swift */; };
		FBD0896D21466567002506BC /* SpeechViewController.swift in Sources */ = {isa = PBXBuildFile; fileRef = FBD0896C21466567002506BC /* SpeechViewController.swift */; };
		FBD0897121467569002506BC /* Assets.xcassets in Resources */ = {isa = PBXBuildFile; fileRef = FBD0896F21467569002506BC /* Assets.xcassets */; };
		FBD0897221467569002506BC /* Info.plist in Resources */ = {isa = PBXBuildFile; fileRef = FBD0897021467569002506BC /* Info.plist */; };
		FBD089772146758B002506BC /* Common.swift in Sources */ = {isa = PBXBuildFile; fileRef = FBD089742146758B002506BC /* Common.swift */; };
		FBD089782146758B002506BC /* Define.swift in Sources */ = {isa = PBXBuildFile; fileRef = FBD089752146758B002506BC /* Define.swift */; };
		FBD0897B214675E2002506BC /* OriginalViewController.swift in Sources */ = {isa = PBXBuildFile; fileRef = FBD0897A214675E2002506BC /* OriginalViewController.swift */; };
		FE019FA3E83FEC2536DD8289 /* Pods_FunLearningWithBabyUITests.framework in Frameworks */ = {isa = PBXBuildFile; fileRef = B5E5E0C9FD0C2582B2EEB00F /* Pods_FunLearningWithBabyUITests.framework */; };
/* End PBXBuildFile section */

/* Begin PBXContainerItemProxy section */
		FBD0893E214648AE002506BC /* PBXContainerItemProxy */ = {
			isa = PBXContainerItemProxy;
			containerPortal = FBD08921214648AC002506BC /* Project object */;
			proxyType = 1;
			remoteGlobalIDString = FBD08928214648AC002506BC;
			remoteInfo = FunLearningWithBaby;
		};
		FBD08949214648AE002506BC /* PBXContainerItemProxy */ = {
			isa = PBXContainerItemProxy;
			containerPortal = FBD08921214648AC002506BC /* Project object */;
			proxyType = 1;
			remoteGlobalIDString = FBD08928214648AC002506BC;
			remoteInfo = FunLearningWithBaby;
		};
/* End PBXContainerItemProxy section */

/* Begin PBXFileReference section */
		16802CCE0C9B901FE4E18694 /* Pods-FunLearningWithBabyTests.debug.xcconfig */ = {isa = PBXFileReference; includeInIndex = 1; lastKnownFileType = text.xcconfig; name = "Pods-FunLearningWithBabyTests.debug.xcconfig"; path = "Pods/Target Support Files/Pods-FunLearningWithBabyTests/Pods-FunLearningWithBabyTests.debug.xcconfig"; sourceTree = "<group>"; };
		27E4B213868B3D53A1FC5C3F /* Pods-FunLearningWithBabyUITests.debug.xcconfig */ = {isa = PBXFileReference; includeInIndex = 1; lastKnownFileType = text.xcconfig; name = "Pods-FunLearningWithBabyUITests.debug.xcconfig"; path = "Pods/Target Support Files/Pods-FunLearningWithBabyUITests/Pods-FunLearningWithBabyUITests.debug.xcconfig"; sourceTree = "<group>"; };
		2F0F37DE4136078CFA1C9E14 /* Pods_FunLearningWithBaby.framework */ = {isa = PBXFileReference; explicitFileType = wrapper.framework; includeInIndex = 0; path = Pods_FunLearningWithBaby.framework; sourceTree = BUILT_PRODUCTS_DIR; };
		5287C6CD9725DD94F65FBF6A /* Pods-FunLearningWithBabyUITests.release.xcconfig */ = {isa = PBXFileReference; includeInIndex = 1; lastKnownFileType = text.xcconfig; name = "Pods-FunLearningWithBabyUITests.release.xcconfig"; path = "Pods/Target Support Files/Pods-FunLearningWithBabyUITests/Pods-FunLearningWithBabyUITests.release.xcconfig"; sourceTree = "<group>"; };
		630BFEDFAB248090A57E2BE1 /* Pods-FunLearningWithBaby.release.xcconfig */ = {isa = PBXFileReference; includeInIndex = 1; lastKnownFileType = text.xcconfig; name = "Pods-FunLearningWithBaby.release.xcconfig"; path = "Pods/Target Support Files/Pods-FunLearningWithBaby/Pods-FunLearningWithBaby.release.xcconfig"; sourceTree = "<group>"; };
		A1CF039176D983DE156A1A29 /* Pods_FunLearningWithBabyTests.framework */ = {isa = PBXFileReference; explicitFileType = wrapper.framework; includeInIndex = 0; path = Pods_FunLearningWithBabyTests.framework; sourceTree = BUILT_PRODUCTS_DIR; };
		B5E5E0C9FD0C2582B2EEB00F /* Pods_FunLearningWithBabyUITests.framework */ = {isa = PBXFileReference; explicitFileType = wrapper.framework; includeInIndex = 0; path = Pods_FunLearningWithBabyUITests.framework; sourceTree = BUILT_PRODUCTS_DIR; };
		BAC4EA5C8A1D64F29E04C548 /* Pods-FunLearningWithBabyTests.release.xcconfig */ = {isa = PBXFileReference; includeInIndex = 1; lastKnownFileType = text.xcconfig; name = "Pods-FunLearningWithBabyTests.release.xcconfig"; path = "Pods/Target Support Files/Pods-FunLearningWithBabyTests/Pods-FunLearningWithBabyTests.release.xcconfig"; sourceTree = "<group>"; };
		D70C1565440640DD3EDC1D85 /* Pods-FunLearningWithBaby.debug.xcconfig */ = {isa = PBXFileReference; includeInIndex = 1; lastKnownFileType = text.xcconfig; name = "Pods-FunLearningWithBaby.debug.xcconfig"; path = "Pods/Target Support Files/Pods-FunLearningWithBaby/Pods-FunLearningWithBaby.debug.xcconfig"; sourceTree = "<group>"; };
		FB90297A21475C14003D2590 /* InputSpeechViewController.swift */ = {isa = PBXFileReference; lastKnownFileType = sourcecode.swift; path = InputSpeechViewController.swift; sourceTree = "<group>"; };
		FB90297D21475EE5003D2590 /* MainTabBarViewController.swift */ = {isa = PBXFileReference; fileEncoding = 4; lastKnownFileType = sourcecode.swift; path = MainTabBarViewController.swift; sourceTree = "<group>"; };
		FB90297F21475F29003D2590 /* HomeViewController.swift */ = {isa = PBXFileReference; fileEncoding = 4; lastKnownFileType = sourcecode.swift; path = HomeViewController.swift; sourceTree = "<group>"; };
		FB902983214766C8003D2590 /* CPImageSlider.swift */ = {isa = PBXFileReference; fileEncoding = 4; lastKnownFileType = sourcecode.swift; path = CPImageSlider.swift; sourceTree = "<group>"; };
		FB902984214766C8003D2590 /* CPImageSlider.xib */ = {isa = PBXFileReference; fileEncoding = 4; lastKnownFileType = file.xib; path = CPImageSlider.xib; sourceTree = "<group>"; };
		FB902986214766C8003D2590 /* cp_next_arrow.png */ = {isa = PBXFileReference; lastKnownFileType = image.png; path = cp_next_arrow.png; sourceTree = "<group>"; };
		FB902987214766C8003D2590 /* cp_prev_arrow.png */ = {isa = PBXFileReference; lastKnownFileType = image.png; path = cp_prev_arrow.png; sourceTree = "<group>"; };
		FB90298D21476C86003D2590 /* BaseModel.swift */ = {isa = PBXFileReference; lastKnownFileType = sourcecode.swift; path = BaseModel.swift; sourceTree = "<group>"; };
		FB9029952147CE58003D2590 /* ManagerPictureViewController.swift */ = {isa = PBXFileReference; fileEncoding = 4; lastKnownFileType = sourcecode.swift; path = ManagerPictureViewController.swift; sourceTree = "<group>"; };
		FBD08929214648AC002506BC /* FunLearningWithBaby.app */ = {isa = PBXFileReference; explicitFileType = wrapper.application; includeInIndex = 0; path = FunLearningWithBaby.app; sourceTree = BUILT_PRODUCTS_DIR; };
		FBD0892C214648AC002506BC /* AppDelegate.swift */ = {isa = PBXFileReference; lastKnownFileType = sourcecode.swift; path = AppDelegate.swift; sourceTree = "<group>"; };
		FBD08931214648AC002506BC /* Base */ = {isa = PBXFileReference; lastKnownFileType = file.storyboard; name = Base; path = Base.lproj/Main.storyboard; sourceTree = "<group>"; };
		FBD08936214648AE002506BC /* Base */ = {isa = PBXFileReference; lastKnownFileType = file.storyboard; name = Base; path = Base.lproj/LaunchScreen.storyboard; sourceTree = "<group>"; };
		FBD0893D214648AE002506BC /* FunLearningWithBabyTests.xctest */ = {isa = PBXFileReference; explicitFileType = wrapper.cfbundle; includeInIndex = 0; path = FunLearningWithBabyTests.xctest; sourceTree = BUILT_PRODUCTS_DIR; };
		FBD08941214648AE002506BC /* FunLearningWithBabyTests.swift */ = {isa = PBXFileReference; lastKnownFileType = sourcecode.swift; path = FunLearningWithBabyTests.swift; sourceTree = "<group>"; };
		FBD08943214648AE002506BC /* Info.plist */ = {isa = PBXFileReference; lastKnownFileType = text.plist.xml; path = Info.plist; sourceTree = "<group>"; };
		FBD08948214648AE002506BC /* FunLearningWithBabyUITests.xctest */ = {isa = PBXFileReference; explicitFileType = wrapper.cfbundle; includeInIndex = 0; path = FunLearningWithBabyUITests.xctest; sourceTree = BUILT_PRODUCTS_DIR; };
		FBD0894C214648AE002506BC /* FunLearningWithBabyUITests.swift */ = {isa = PBXFileReference; lastKnownFileType = sourcecode.swift; path = FunLearningWithBabyUITests.swift; sourceTree = "<group>"; };
		FBD0894E214648AE002506BC /* Info.plist */ = {isa = PBXFileReference; lastKnownFileType = text.plist.xml; path = Info.plist; sourceTree = "<group>"; };
		FBD0895B21464D57002506BC /* Mdate.swift */ = {isa = PBXFileReference; fileEncoding = 4; lastKnownFileType = sourcecode.swift; path = Mdate.swift; sourceTree = "<group>"; };
		FBD0895C21464D57002506BC /* NSObjectExtension.swift */ = {isa = PBXFileReference; fileEncoding = 4; lastKnownFileType = sourcecode.swift; path = NSObjectExtension.swift; sourceTree = "<group>"; };
		FBD0895D21464D57002506BC /* StringExtension.swift */ = {isa = PBXFileReference; fileEncoding = 4; lastKnownFileType = sourcecode.swift; path = StringExtension.swift; sourceTree = "<group>"; };
		FBD0895E21464D57002506BC /* UIDeviceExtension.swift */ = {isa = PBXFileReference; fileEncoding = 4; lastKnownFileType = sourcecode.swift; path = UIDeviceExtension.swift; sourceTree = "<group>"; };
		FBD0895F21464D57002506BC /* UILabelExtension.swift */ = {isa = PBXFileReference; fileEncoding = 4; lastKnownFileType = sourcecode.swift; path = UILabelExtension.swift; sourceTree = "<group>"; };
		FBD0896021464D57002506BC /* UIViewExtension.swift */ = {isa = PBXFileReference; fileEncoding = 4; lastKnownFileType = sourcecode.swift; path = UIViewExtension.swift; sourceTree = "<group>"; };
		FBD0896C21466567002506BC /* SpeechViewController.swift */ = {isa = PBXFileReference; lastKnownFileType = sourcecode.swift; path = SpeechViewController.swift; sourceTree = "<group>"; };
		FBD0896F21467569002506BC /* Assets.xcassets */ = {isa = PBXFileReference; lastKnownFileType = folder.assetcatalog; path = Assets.xcassets; sourceTree = "<group>"; };
		FBD0897021467569002506BC /* Info.plist */ = {isa = PBXFileReference; fileEncoding = 4; lastKnownFileType = text.plist.xml; path = Info.plist; sourceTree = "<group>"; };
		FBD089742146758B002506BC /* Common.swift */ = {isa = PBXFileReference; fileEncoding = 4; lastKnownFileType = sourcecode.swift; path = Common.swift; sourceTree = "<group>"; };
		FBD089752146758B002506BC /* Define.swift */ = {isa = PBXFileReference; fileEncoding = 4; lastKnownFileType = sourcecode.swift; path = Define.swift; sourceTree = "<group>"; };
		FBD0897A214675E2002506BC /* OriginalViewController.swift */ = {isa = PBXFileReference; fileEncoding = 4; lastKnownFileType = sourcecode.swift; path = OriginalViewController.swift; sourceTree = "<group>"; };
/* End PBXFileReference section */

/* Begin PBXFrameworksBuildPhase section */
		FBD08926214648AC002506BC /* Frameworks */ = {
			isa = PBXFrameworksBuildPhase;
			buildActionMask = 2147483647;
			files = (
				10C0C1BA8D72E4705978601B /* Pods_FunLearningWithBaby.framework in Frameworks */,
			);
			runOnlyForDeploymentPostprocessing = 0;
		};
		FBD0893A214648AE002506BC /* Frameworks */ = {
			isa = PBXFrameworksBuildPhase;
			buildActionMask = 2147483647;
			files = (
				9EE3538418265F3687C57C70 /* Pods_FunLearningWithBabyTests.framework in Frameworks */,
			);
			runOnlyForDeploymentPostprocessing = 0;
		};
		FBD08945214648AE002506BC /* Frameworks */ = {
			isa = PBXFrameworksBuildPhase;
			buildActionMask = 2147483647;
			files = (
				FE019FA3E83FEC2536DD8289 /* Pods_FunLearningWithBabyUITests.framework in Frameworks */,
			);
			runOnlyForDeploymentPostprocessing = 0;
		};
/* End PBXFrameworksBuildPhase section */

/* Begin PBXGroup section */
		473B375C270060E83C78932A /* Pods */ = {
			isa = PBXGroup;
			children = (
				D70C1565440640DD3EDC1D85 /* Pods-FunLearningWithBaby.debug.xcconfig */,
				630BFEDFAB248090A57E2BE1 /* Pods-FunLearningWithBaby.release.xcconfig */,
				16802CCE0C9B901FE4E18694 /* Pods-FunLearningWithBabyTests.debug.xcconfig */,
				BAC4EA5C8A1D64F29E04C548 /* Pods-FunLearningWithBabyTests.release.xcconfig */,
				27E4B213868B3D53A1FC5C3F /* Pods-FunLearningWithBabyUITests.debug.xcconfig */,
				5287C6CD9725DD94F65FBF6A /* Pods-FunLearningWithBabyUITests.release.xcconfig */,
			);
			name = Pods;
			sourceTree = "<group>";
		};
		9C353511607A395948F04EED /* Frameworks */ = {
			isa = PBXGroup;
			children = (
				2F0F37DE4136078CFA1C9E14 /* Pods_FunLearningWithBaby.framework */,
				A1CF039176D983DE156A1A29 /* Pods_FunLearningWithBabyTests.framework */,
				B5E5E0C9FD0C2582B2EEB00F /* Pods_FunLearningWithBabyUITests.framework */,
			);
			name = Frameworks;
			sourceTree = "<group>";
		};
		FB90297921475BE4003D2590 /* inputSpeech */ = {
			isa = PBXGroup;
			children = (
				FBD0896C21466567002506BC /* SpeechViewController.swift */,
				FB90297A21475C14003D2590 /* InputSpeechViewController.swift */,
			);
			path = inputSpeech;
			sourceTree = "<group>";
		};
		FB90297C21475ED0003D2590 /* TabBar */ = {
			isa = PBXGroup;
			children = (
				FB90297D21475EE5003D2590 /* MainTabBarViewController.swift */,
			);
			path = TabBar;
			sourceTree = "<group>";
		};
		FB902981214766B5003D2590 /* Library */ = {
			isa = PBXGroup;
			children = (
				FB902982214766C8003D2590 /* CPImageSlider */,
			);
			path = Library;
			sourceTree = "<group>";
		};
		FB902982214766C8003D2590 /* CPImageSlider */ = {
			isa = PBXGroup;
			children = (
				FB902983214766C8003D2590 /* CPImageSlider.swift */,
				FB902984214766C8003D2590 /* CPImageSlider.xib */,
				FB902985214766C8003D2590 /* Resources */,
			);
			path = CPImageSlider;
			sourceTree = "<group>";
		};
		FB902985214766C8003D2590 /* Resources */ = {
			isa = PBXGroup;
			children = (
				FB902986214766C8003D2590 /* cp_next_arrow.png */,
				FB902987214766C8003D2590 /* cp_prev_arrow.png */,
			);
			path = Resources;
			sourceTree = "<group>";
		};
		FB90298C21476C3B003D2590 /* Model */ = {
			isa = PBXGroup;
			children = (
				FB90298D21476C86003D2590 /* BaseModel.swift */,
			);
			path = Model;
			sourceTree = "<group>";
		};
		FB9029942147CE58003D2590 /* ManagerPictureLesson */ = {
			isa = PBXGroup;
			children = (
				FB9029952147CE58003D2590 /* ManagerPictureViewController.swift */,
			);
			path = ManagerPictureLesson;
			sourceTree = "<group>";
		};
		FBD08920214648AC002506BC = {
			isa = PBXGroup;
			children = (
				FBD0892B214648AC002506BC /* FunLearningWithBaby */,
				FBD08940214648AE002506BC /* FunLearningWithBabyTests */,
				FBD0894B214648AE002506BC /* FunLearningWithBabyUITests */,
				FBD0892A214648AC002506BC /* Products */,
				473B375C270060E83C78932A /* Pods */,
				9C353511607A395948F04EED /* Frameworks */,
			);
			sourceTree = "<group>";
		};
		FBD0892A214648AC002506BC /* Products */ = {
			isa = PBXGroup;
			children = (
				FBD08929214648AC002506BC /* FunLearningWithBaby.app */,
				FBD0893D214648AE002506BC /* FunLearningWithBabyTests.xctest */,
				FBD08948214648AE002506BC /* FunLearningWithBabyUITests.xctest */,
			);
			name = Products;
			sourceTree = "<group>";
		};
		FBD0892B214648AC002506BC /* FunLearningWithBaby */ = {
			isa = PBXGroup;
			children = (
				FBD0892C214648AC002506BC /* AppDelegate.swift */,
				FBD0896E21467569002506BC /* Configuaration */,
				FBD089732146758B002506BC /* Common */,
				FBD0895A21464D57002506BC /* Extension */,
				FB902981214766B5003D2590 /* Library */,
				FB90298C21476C3B003D2590 /* Model */,
				FBD0896721464D66002506BC /* Storyboard */,
				FBD0896B2146650C002506BC /* ViewController */,
			);
			path = FunLearningWithBaby;
			sourceTree = "<group>";
		};
		FBD08940214648AE002506BC /* FunLearningWithBabyTests */ = {
			isa = PBXGroup;
			children = (
				FBD08941214648AE002506BC /* FunLearningWithBabyTests.swift */,
				FBD08943214648AE002506BC /* Info.plist */,
			);
			path = FunLearningWithBabyTests;
			sourceTree = "<group>";
		};
		FBD0894B214648AE002506BC /* FunLearningWithBabyUITests */ = {
			isa = PBXGroup;
			children = (
				FBD0894C214648AE002506BC /* FunLearningWithBabyUITests.swift */,
				FBD0894E214648AE002506BC /* Info.plist */,
			);
			path = FunLearningWithBabyUITests;
			sourceTree = "<group>";
		};
		FBD0895A21464D57002506BC /* Extension */ = {
			isa = PBXGroup;
			children = (
				FBD0895B21464D57002506BC /* Mdate.swift */,
				FBD0895C21464D57002506BC /* NSObjectExtension.swift */,
				FBD0895D21464D57002506BC /* StringExtension.swift */,
				FBD0895E21464D57002506BC /* UIDeviceExtension.swift */,
				FBD0895F21464D57002506BC /* UILabelExtension.swift */,
				FBD0896021464D57002506BC /* UIViewExtension.swift */,
			);
			path = Extension;
			sourceTree = "<group>";
		};
		FBD0896721464D66002506BC /* Storyboard */ = {
			isa = PBXGroup;
			children = (
				FBD08935214648AE002506BC /* LaunchScreen.storyboard */,
				FBD08930214648AC002506BC /* Main.storyboard */,
			);
			path = Storyboard;
			sourceTree = "<group>";
		};
		FBD0896B2146650C002506BC /* ViewController */ = {
			isa = PBXGroup;
			children = (
				FB90297F21475F29003D2590 /* HomeViewController.swift */,
				FBD0897A214675E2002506BC /* OriginalViewController.swift */,
				FB90297C21475ED0003D2590 /* TabBar */,
				FB90297921475BE4003D2590 /* inputSpeech */,
				FB9029942147CE58003D2590 /* ManagerPictureLesson */,
			);
			path = ViewController;
			sourceTree = "<group>";
		};
		FBD0896E21467569002506BC /* Configuaration */ = {
			isa = PBXGroup;
			children = (
				FBD0896F21467569002506BC /* Assets.xcassets */,
				FBD0897021467569002506BC /* Info.plist */,
			);
			path = Configuaration;
			sourceTree = "<group>";
		};
		FBD089732146758B002506BC /* Common */ = {
			isa = PBXGroup;
			children = (
				FBD089742146758B002506BC /* Common.swift */,
				FBD089752146758B002506BC /* Define.swift */,
			);
			path = Common;
			sourceTree = "<group>";
		};
/* End PBXGroup section */

/* Begin PBXNativeTarget section */
		FBD08928214648AC002506BC /* FunLearningWithBaby */ = {
			isa = PBXNativeTarget;
			buildConfigurationList = FBD08951214648AE002506BC /* Build configuration list for PBXNativeTarget "FunLearningWithBaby" */;
			buildPhases = (
				E36FB8861A48CA6BF1A1997A /* [CP] Check Pods Manifest.lock */,
				FBD08925214648AC002506BC /* Sources */,
				FBD08926214648AC002506BC /* Frameworks */,
				FBD08927214648AC002506BC /* Resources */,
				BB34E5779B9976331A2522CF /* [CP] Embed Pods Frameworks */,
			);
			buildRules = (
			);
			dependencies = (
			);
			name = FunLearningWithBaby;
			productName = FunLearningWithBaby;
			productReference = FBD08929214648AC002506BC /* FunLearningWithBaby.app */;
			productType = "com.apple.product-type.application";
		};
		FBD0893C214648AE002506BC /* FunLearningWithBabyTests */ = {
			isa = PBXNativeTarget;
			buildConfigurationList = FBD08954214648AE002506BC /* Build configuration list for PBXNativeTarget "FunLearningWithBabyTests" */;
			buildPhases = (
				41730BC521726ADFD2D0C385 /* [CP] Check Pods Manifest.lock */,
				FBD08939214648AE002506BC /* Sources */,
				FBD0893A214648AE002506BC /* Frameworks */,
				FBD0893B214648AE002506BC /* Resources */,
			);
			buildRules = (
			);
			dependencies = (
				FBD0893F214648AE002506BC /* PBXTargetDependency */,
			);
			name = FunLearningWithBabyTests;
			productName = FunLearningWithBabyTests;
			productReference = FBD0893D214648AE002506BC /* FunLearningWithBabyTests.xctest */;
			productType = "com.apple.product-type.bundle.unit-test";
		};
		FBD08947214648AE002506BC /* FunLearningWithBabyUITests */ = {
			isa = PBXNativeTarget;
			buildConfigurationList = FBD08957214648AE002506BC /* Build configuration list for PBXNativeTarget "FunLearningWithBabyUITests" */;
			buildPhases = (
				5D038CAD66F92D055C70F636 /* [CP] Check Pods Manifest.lock */,
				FBD08944214648AE002506BC /* Sources */,
				FBD08945214648AE002506BC /* Frameworks */,
				FBD08946214648AE002506BC /* Resources */,
			);
			buildRules = (
			);
			dependencies = (
				FBD0894A214648AE002506BC /* PBXTargetDependency */,
			);
			name = FunLearningWithBabyUITests;
			productName = FunLearningWithBabyUITests;
			productReference = FBD08948214648AE002506BC /* FunLearningWithBabyUITests.xctest */;
			productType = "com.apple.product-type.bundle.ui-testing";
		};
/* End PBXNativeTarget section */

/* Begin PBXProject section */
		FBD08921214648AC002506BC /* Project object */ = {
			isa = PBXProject;
			attributes = {
				LastSwiftUpdateCheck = 0940;
				LastUpgradeCheck = 0940;
				ORGANIZATIONNAME = "Hai Dang";
				TargetAttributes = {
					FBD08928214648AC002506BC = {
						CreatedOnToolsVersion = 9.4.1;
					};
					FBD0893C214648AE002506BC = {
						CreatedOnToolsVersion = 9.4.1;
						TestTargetID = FBD08928214648AC002506BC;
					};
					FBD08947214648AE002506BC = {
						CreatedOnToolsVersion = 9.4.1;
						TestTargetID = FBD08928214648AC002506BC;
					};
				};
			};
			buildConfigurationList = FBD08924214648AC002506BC /* Build configuration list for PBXProject "FunLearningWithBaby" */;
			compatibilityVersion = "Xcode 9.3";
			developmentRegion = en;
			hasScannedForEncodings = 0;
			knownRegions = (
				en,
				Base,
			);
			mainGroup = FBD08920214648AC002506BC;
			productRefGroup = FBD0892A214648AC002506BC /* Products */;
			projectDirPath = "";
			projectRoot = "";
			targets = (
				FBD08928214648AC002506BC /* FunLearningWithBaby */,
				FBD0893C214648AE002506BC /* FunLearningWithBabyTests */,
				FBD08947214648AE002506BC /* FunLearningWithBabyUITests */,
			);
		};
/* End PBXProject section */

/* Begin PBXResourcesBuildPhase section */
		FBD08927214648AC002506BC /* Resources */ = {
			isa = PBXResourcesBuildPhase;
			buildActionMask = 2147483647;
			files = (
				FBD0897221467569002506BC /* Info.plist in Resources */,
				FBD08937214648AE002506BC /* LaunchScreen.storyboard in Resources */,
				FBD0897121467569002506BC /* Assets.xcassets in Resources */,
				FBD08932214648AC002506BC /* Main.storyboard in Resources */,
				FB90298B214766C8003D2590 /* cp_prev_arrow.png in Resources */,
				FB902989214766C8003D2590 /* CPImageSlider.xib in Resources */,
				FB90298A214766C8003D2590 /* cp_next_arrow.png in Resources */,
			);
			runOnlyForDeploymentPostprocessing = 0;
		};
		FBD0893B214648AE002506BC /* Resources */ = {
			isa = PBXResourcesBuildPhase;
			buildActionMask = 2147483647;
			files = (
			);
			runOnlyForDeploymentPostprocessing = 0;
		};
		FBD08946214648AE002506BC /* Resources */ = {
			isa = PBXResourcesBuildPhase;
			buildActionMask = 2147483647;
			files = (
			);
			runOnlyForDeploymentPostprocessing = 0;
		};
/* End PBXResourcesBuildPhase section */

/* Begin PBXShellScriptBuildPhase section */
		41730BC521726ADFD2D0C385 /* [CP] Check Pods Manifest.lock */ = {
			isa = PBXShellScriptBuildPhase;
			buildActionMask = 2147483647;
			files = (
			);
			inputPaths = (
				"${PODS_PODFILE_DIR_PATH}/Podfile.lock",
				"${PODS_ROOT}/Manifest.lock",
			);
			name = "[CP] Check Pods Manifest.lock";
			outputPaths = (
				"$(DERIVED_FILE_DIR)/Pods-FunLearningWithBabyTests-checkManifestLockResult.txt",
			);
			runOnlyForDeploymentPostprocessing = 0;
			shellPath = /bin/sh;
			shellScript = "diff \"${PODS_PODFILE_DIR_PATH}/Podfile.lock\" \"${PODS_ROOT}/Manifest.lock\" > /dev/null\nif [ $? != 0 ] ; then\n    # print error to STDERR\n    echo \"error: The sandbox is not in sync with the Podfile.lock. Run 'pod install' or update your CocoaPods installation.\" >&2\n    exit 1\nfi\n# This output is used by Xcode 'outputs' to avoid re-running this script phase.\necho \"SUCCESS\" > \"${SCRIPT_OUTPUT_FILE_0}\"\n";
			showEnvVarsInLog = 0;
		};
		5D038CAD66F92D055C70F636 /* [CP] Check Pods Manifest.lock */ = {
			isa = PBXShellScriptBuildPhase;
			buildActionMask = 2147483647;
			files = (
			);
			inputPaths = (
				"${PODS_PODFILE_DIR_PATH}/Podfile.lock",
				"${PODS_ROOT}/Manifest.lock",
			);
			name = "[CP] Check Pods Manifest.lock";
			outputPaths = (
				"$(DERIVED_FILE_DIR)/Pods-FunLearningWithBabyUITests-checkManifestLockResult.txt",
			);
			runOnlyForDeploymentPostprocessing = 0;
			shellPath = /bin/sh;
			shellScript = "diff \"${PODS_PODFILE_DIR_PATH}/Podfile.lock\" \"${PODS_ROOT}/Manifest.lock\" > /dev/null\nif [ $? != 0 ] ; then\n    # print error to STDERR\n    echo \"error: The sandbox is not in sync with the Podfile.lock. Run 'pod install' or update your CocoaPods installation.\" >&2\n    exit 1\nfi\n# This output is used by Xcode 'outputs' to avoid re-running this script phase.\necho \"SUCCESS\" > \"${SCRIPT_OUTPUT_FILE_0}\"\n";
			showEnvVarsInLog = 0;
		};
		BB34E5779B9976331A2522CF /* [CP] Embed Pods Frameworks */ = {
			isa = PBXShellScriptBuildPhase;
			buildActionMask = 2147483647;
			files = (
			);
			inputPaths = (
				"${SRCROOT}/Pods/Target Support Files/Pods-FunLearningWithBaby/Pods-FunLearningWithBaby-frameworks.sh",
				"${BUILT_PRODUCTS_DIR}/GoogleUtilities/GoogleUtilities.framework",
				"${BUILT_PRODUCTS_DIR}/MagicalRecord/MagicalRecord.framework",
				"${BUILT_PRODUCTS_DIR}/leveldb-library/leveldb.framework",
				"${BUILT_PRODUCTS_DIR}/nanopb/nanopb.framework",
			);
			name = "[CP] Embed Pods Frameworks";
			outputPaths = (
				"${TARGET_BUILD_DIR}/${FRAMEWORKS_FOLDER_PATH}/GoogleUtilities.framework",
				"${TARGET_BUILD_DIR}/${FRAMEWORKS_FOLDER_PATH}/MagicalRecord.framework",
				"${TARGET_BUILD_DIR}/${FRAMEWORKS_FOLDER_PATH}/leveldb.framework",
				"${TARGET_BUILD_DIR}/${FRAMEWORKS_FOLDER_PATH}/nanopb.framework",
			);
			runOnlyForDeploymentPostprocessing = 0;
			shellPath = /bin/sh;
			shellScript = "\"${SRCROOT}/Pods/Target Support Files/Pods-FunLearningWithBaby/Pods-FunLearningWithBaby-frameworks.sh\"\n";
			showEnvVarsInLog = 0;
		};
		E36FB8861A48CA6BF1A1997A /* [CP] Check Pods Manifest.lock */ = {
			isa = PBXShellScriptBuildPhase;
			buildActionMask = 2147483647;
			files = (
			);
			inputPaths = (
				"${PODS_PODFILE_DIR_PATH}/Podfile.lock",
				"${PODS_ROOT}/Manifest.lock",
			);
			name = "[CP] Check Pods Manifest.lock";
			outputPaths = (
				"$(DERIVED_FILE_DIR)/Pods-FunLearningWithBaby-checkManifestLockResult.txt",
			);
			runOnlyForDeploymentPostprocessing = 0;
			shellPath = /bin/sh;
			shellScript = "diff \"${PODS_PODFILE_DIR_PATH}/Podfile.lock\" \"${PODS_ROOT}/Manifest.lock\" > /dev/null\nif [ $? != 0 ] ; then\n    # print error to STDERR\n    echo \"error: The sandbox is not in sync with the Podfile.lock. Run 'pod install' or update your CocoaPods installation.\" >&2\n    exit 1\nfi\n# This output is used by Xcode 'outputs' to avoid re-running this script phase.\necho \"SUCCESS\" > \"${SCRIPT_OUTPUT_FILE_0}\"\n";
			showEnvVarsInLog = 0;
		};
/* End PBXShellScriptBuildPhase section */

/* Begin PBXSourcesBuildPhase section */
		FBD08925214648AC002506BC /* Sources */ = {
			isa = PBXSourcesBuildPhase;
			buildActionMask = 2147483647;
			files = (
				FBD0896121464D57002506BC /* Mdate.swift in Sources */,
				FB90297B21475C14003D2590 /* InputSpeechViewController.swift in Sources */,
				FBD0896321464D57002506BC /* StringExtension.swift in Sources */,
				FBD0896421464D57002506BC /* UIDeviceExtension.swift in Sources */,
				FBD0896521464D57002506BC /* UILabelExtension.swift in Sources */,
				FB90298021475F29003D2590 /* HomeViewController.swift in Sources */,
				FB90298E21476C86003D2590 /* BaseModel.swift in Sources */,
				FBD089772146758B002506BC /* Common.swift in Sources */,
				FB9029962147CE58003D2590 /* ManagerPictureViewController.swift in Sources */,
				FBD0896D21466567002506BC /* SpeechViewController.swift in Sources */,
				FB902988214766C8003D2590 /* CPImageSlider.swift in Sources */,
				FB90297E21475EE5003D2590 /* MainTabBarViewController.swift in Sources */,
				FBD0892D214648AC002506BC /* AppDelegate.swift in Sources */,
				FBD0897B214675E2002506BC /* OriginalViewController.swift in Sources */,
				FBD0896621464D57002506BC /* UIViewExtension.swift in Sources */,
				FBD089782146758B002506BC /* Define.swift in Sources */,
				FBD0896221464D57002506BC /* NSObjectExtension.swift in Sources */,
			);
			runOnlyForDeploymentPostprocessing = 0;
		};
		FBD08939214648AE002506BC /* Sources */ = {
			isa = PBXSourcesBuildPhase;
			buildActionMask = 2147483647;
			files = (
				FBD08942214648AE002506BC /* FunLearningWithBabyTests.swift in Sources */,
			);
			runOnlyForDeploymentPostprocessing = 0;
		};
		FBD08944214648AE002506BC /* Sources */ = {
			isa = PBXSourcesBuildPhase;
			buildActionMask = 2147483647;
			files = (
				FBD0894D214648AE002506BC /* FunLearningWithBabyUITests.swift in Sources */,
			);
			runOnlyForDeploymentPostprocessing = 0;
		};
/* End PBXSourcesBuildPhase section */

/* Begin PBXTargetDependency section */
		FBD0893F214648AE002506BC /* PBXTargetDependency */ = {
			isa = PBXTargetDependency;
			target = FBD08928214648AC002506BC /* FunLearningWithBaby */;
			targetProxy = FBD0893E214648AE002506BC /* PBXContainerItemProxy */;
		};
		FBD0894A214648AE002506BC /* PBXTargetDependency */ = {
			isa = PBXTargetDependency;
			target = FBD08928214648AC002506BC /* FunLearningWithBaby */;
			targetProxy = FBD08949214648AE002506BC /* PBXContainerItemProxy */;
		};
/* End PBXTargetDependency section */

/* Begin PBXVariantGroup section */
		FBD08930214648AC002506BC /* Main.storyboard */ = {
			isa = PBXVariantGroup;
			children = (
				FBD08931214648AC002506BC /* Base */,
			);
			name = Main.storyboard;
			sourceTree = "<group>";
		};
		FBD08935214648AE002506BC /* LaunchScreen.storyboard */ = {
			isa = PBXVariantGroup;
			children = (
				FBD08936214648AE002506BC /* Base */,
			);
			name = LaunchScreen.storyboard;
			sourceTree = "<group>";
		};
/* End PBXVariantGroup section */

/* Begin XCBuildConfiguration section */
		FBD0894F214648AE002506BC /* Debug */ = {
			isa = XCBuildConfiguration;
			buildSettings = {
				ALWAYS_SEARCH_USER_PATHS = NO;
				CLANG_ANALYZER_NONNULL = YES;
				CLANG_ANALYZER_NUMBER_OBJECT_CONVERSION = YES_AGGRESSIVE;
				CLANG_CXX_LANGUAGE_STANDARD = "gnu++14";
				CLANG_CXX_LIBRARY = "libc++";
				CLANG_ENABLE_MODULES = YES;
				CLANG_ENABLE_OBJC_ARC = YES;
				CLANG_ENABLE_OBJC_WEAK = YES;
				CLANG_WARN_BLOCK_CAPTURE_AUTORELEASING = YES;
				CLANG_WARN_BOOL_CONVERSION = YES;
				CLANG_WARN_COMMA = YES;
				CLANG_WARN_CONSTANT_CONVERSION = YES;
				CLANG_WARN_DEPRECATED_OBJC_IMPLEMENTATIONS = YES;
				CLANG_WARN_DIRECT_OBJC_ISA_USAGE = YES_ERROR;
				CLANG_WARN_DOCUMENTATION_COMMENTS = YES;
				CLANG_WARN_EMPTY_BODY = YES;
				CLANG_WARN_ENUM_CONVERSION = YES;
				CLANG_WARN_INFINITE_RECURSION = YES;
				CLANG_WARN_INT_CONVERSION = YES;
				CLANG_WARN_NON_LITERAL_NULL_CONVERSION = YES;
				CLANG_WARN_OBJC_IMPLICIT_RETAIN_SELF = YES;
				CLANG_WARN_OBJC_LITERAL_CONVERSION = YES;
				CLANG_WARN_OBJC_ROOT_CLASS = YES_ERROR;
				CLANG_WARN_RANGE_LOOP_ANALYSIS = YES;
				CLANG_WARN_STRICT_PROTOTYPES = YES;
				CLANG_WARN_SUSPICIOUS_MOVE = YES;
				CLANG_WARN_UNGUARDED_AVAILABILITY = YES_AGGRESSIVE;
				CLANG_WARN_UNREACHABLE_CODE = YES;
				CLANG_WARN__DUPLICATE_METHOD_MATCH = YES;
				CODE_SIGN_IDENTITY = "iPhone Developer";
				COPY_PHASE_STRIP = NO;
				DEBUG_INFORMATION_FORMAT = dwarf;
				ENABLE_STRICT_OBJC_MSGSEND = YES;
				ENABLE_TESTABILITY = YES;
				GCC_C_LANGUAGE_STANDARD = gnu11;
				GCC_DYNAMIC_NO_PIC = NO;
				GCC_NO_COMMON_BLOCKS = YES;
				GCC_OPTIMIZATION_LEVEL = 0;
				GCC_PREPROCESSOR_DEFINITIONS = (
					"DEBUG=1",
					"$(inherited)",
				);
				GCC_WARN_64_TO_32_BIT_CONVERSION = YES;
				GCC_WARN_ABOUT_RETURN_TYPE = YES_ERROR;
				GCC_WARN_UNDECLARED_SELECTOR = YES;
				GCC_WARN_UNINITIALIZED_AUTOS = YES_AGGRESSIVE;
				GCC_WARN_UNUSED_FUNCTION = YES;
				GCC_WARN_UNUSED_VARIABLE = YES;
				IPHONEOS_DEPLOYMENT_TARGET = 11.4;
				MTL_ENABLE_DEBUG_INFO = YES;
				ONLY_ACTIVE_ARCH = YES;
				SDKROOT = iphoneos;
				SWIFT_ACTIVE_COMPILATION_CONDITIONS = DEBUG;
				SWIFT_OPTIMIZATION_LEVEL = "-Onone";
			};
			name = Debug;
		};
		FBD08950214648AE002506BC /* Release */ = {
			isa = XCBuildConfiguration;
			buildSettings = {
				ALWAYS_SEARCH_USER_PATHS = NO;
				CLANG_ANALYZER_NONNULL = YES;
				CLANG_ANALYZER_NUMBER_OBJECT_CONVERSION = YES_AGGRESSIVE;
				CLANG_CXX_LANGUAGE_STANDARD = "gnu++14";
				CLANG_CXX_LIBRARY = "libc++";
				CLANG_ENABLE_MODULES = YES;
				CLANG_ENABLE_OBJC_ARC = YES;
				CLANG_ENABLE_OBJC_WEAK = YES;
				CLANG_WARN_BLOCK_CAPTURE_AUTORELEASING = YES;
				CLANG_WARN_BOOL_CONVERSION = YES;
				CLANG_WARN_COMMA = YES;
				CLANG_WARN_CONSTANT_CONVERSION = YES;
				CLANG_WARN_DEPRECATED_OBJC_IMPLEMENTATIONS = YES;
				CLANG_WARN_DIRECT_OBJC_ISA_USAGE = YES_ERROR;
				CLANG_WARN_DOCUMENTATION_COMMENTS = YES;
				CLANG_WARN_EMPTY_BODY = YES;
				CLANG_WARN_ENUM_CONVERSION = YES;
				CLANG_WARN_INFINITE_RECURSION = YES;
				CLANG_WARN_INT_CONVERSION = YES;
				CLANG_WARN_NON_LITERAL_NULL_CONVERSION = YES;
				CLANG_WARN_OBJC_IMPLICIT_RETAIN_SELF = YES;
				CLANG_WARN_OBJC_LITERAL_CONVERSION = YES;
				CLANG_WARN_OBJC_ROOT_CLASS = YES_ERROR;
				CLANG_WARN_RANGE_LOOP_ANALYSIS = YES;
				CLANG_WARN_STRICT_PROTOTYPES = YES;
				CLANG_WARN_SUSPICIOUS_MOVE = YES;
				CLANG_WARN_UNGUARDED_AVAILABILITY = YES_AGGRESSIVE;
				CLANG_WARN_UNREACHABLE_CODE = YES;
				CLANG_WARN__DUPLICATE_METHOD_MATCH = YES;
				CODE_SIGN_IDENTITY = "iPhone Developer";
				COPY_PHASE_STRIP = NO;
				DEBUG_INFORMATION_FORMAT = "dwarf-with-dsym";
				ENABLE_NS_ASSERTIONS = NO;
				ENABLE_STRICT_OBJC_MSGSEND = YES;
				GCC_C_LANGUAGE_STANDARD = gnu11;
				GCC_NO_COMMON_BLOCKS = YES;
				GCC_WARN_64_TO_32_BIT_CONVERSION = YES;
				GCC_WARN_ABOUT_RETURN_TYPE = YES_ERROR;
				GCC_WARN_UNDECLARED_SELECTOR = YES;
				GCC_WARN_UNINITIALIZED_AUTOS = YES_AGGRESSIVE;
				GCC_WARN_UNUSED_FUNCTION = YES;
				GCC_WARN_UNUSED_VARIABLE = YES;
				IPHONEOS_DEPLOYMENT_TARGET = 11.4;
				MTL_ENABLE_DEBUG_INFO = NO;
				SDKROOT = iphoneos;
				SWIFT_COMPILATION_MODE = wholemodule;
				SWIFT_OPTIMIZATION_LEVEL = "-O";
				VALIDATE_PRODUCT = YES;
			};
			name = Release;
		};
		FBD08952214648AE002506BC /* Debug */ = {
			isa = XCBuildConfiguration;
			baseConfigurationReference = D70C1565440640DD3EDC1D85 /* Pods-FunLearningWithBaby.debug.xcconfig */;
			buildSettings = {
				ASSETCATALOG_COMPILER_APPICON_NAME = AppIcon;
				CODE_SIGN_STYLE = Manual;
				DEVELOPMENT_TEAM = "";
				INFOPLIST_FILE = "$(SRCROOT)/FunLearningWithBaby/Configuaration/Info.plist";
				IPHONEOS_DEPLOYMENT_TARGET = 10.0;
				LD_RUNPATH_SEARCH_PATHS = (
					"$(inherited)",
					"@executable_path/Frameworks",
				);
				PRODUCT_BUNDLE_IDENTIFIER = Beacon.FunLearningWithBaby;
				PRODUCT_NAME = "$(TARGET_NAME)";
				PROVISIONING_PROFILE_SPECIFIER = "";
				SWIFT_VERSION = 4.0;
				TARGETED_DEVICE_FAMILY = "1,2";
			};
			name = Debug;
		};
		FBD08953214648AE002506BC /* Release */ = {
			isa = XCBuildConfiguration;
			baseConfigurationReference = 630BFEDFAB248090A57E2BE1 /* Pods-FunLearningWithBaby.release.xcconfig */;
			buildSettings = {
				ASSETCATALOG_COMPILER_APPICON_NAME = AppIcon;
				CODE_SIGN_STYLE = Manual;
				DEVELOPMENT_TEAM = "";
				INFOPLIST_FILE = "$(SRCROOT)/FunLearningWithBaby/Configuaration/Info.plist";
				IPHONEOS_DEPLOYMENT_TARGET = 10.0;
				LD_RUNPATH_SEARCH_PATHS = (
					"$(inherited)",
					"@executable_path/Frameworks",
				);
				PRODUCT_BUNDLE_IDENTIFIER = Beacon.FunLearningWithBaby;
				PRODUCT_NAME = "$(TARGET_NAME)";
				PROVISIONING_PROFILE_SPECIFIER = "";
				SWIFT_VERSION = 4.0;
				TARGETED_DEVICE_FAMILY = "1,2";
			};
			name = Release;
		};
		FBD08955214648AE002506BC /* Debug */ = {
			isa = XCBuildConfiguration;
			baseConfigurationReference = 16802CCE0C9B901FE4E18694 /* Pods-FunLearningWithBabyTests.debug.xcconfig */;
			buildSettings = {
				ALWAYS_EMBED_SWIFT_STANDARD_LIBRARIES = YES;
				BUNDLE_LOADER = "$(TEST_HOST)";
				CODE_SIGN_STYLE = Automatic;
				INFOPLIST_FILE = FunLearningWithBabyTests/Info.plist;
				LD_RUNPATH_SEARCH_PATHS = (
					"$(inherited)",
					"@executable_path/Frameworks",
					"@loader_path/Frameworks",
				);
				PRODUCT_BUNDLE_IDENTIFIER = Beacon.FunLearningWithBabyTests;
				PRODUCT_NAME = "$(TARGET_NAME)";
				SWIFT_VERSION = 4.0;
				TARGETED_DEVICE_FAMILY = "1,2";
				TEST_HOST = "$(BUILT_PRODUCTS_DIR)/FunLearningWithBaby.app/FunLearningWithBaby";
			};
			name = Debug;
		};
		FBD08956214648AE002506BC /* Release */ = {
			isa = XCBuildConfiguration;
			baseConfigurationReference = BAC4EA5C8A1D64F29E04C548 /* Pods-FunLearningWithBabyTests.release.xcconfig */;
			buildSettings = {
				ALWAYS_EMBED_SWIFT_STANDARD_LIBRARIES = YES;
				BUNDLE_LOADER = "$(TEST_HOST)";
				CODE_SIGN_STYLE = Automatic;
				INFOPLIST_FILE = FunLearningWithBabyTests/Info.plist;
				LD_RUNPATH_SEARCH_PATHS = (
					"$(inherited)",
					"@executable_path/Frameworks",
					"@loader_path/Frameworks",
				);
				PRODUCT_BUNDLE_IDENTIFIER = Beacon.FunLearningWithBabyTests;
				PRODUCT_NAME = "$(TARGET_NAME)";
				SWIFT_VERSION = 4.0;
				TARGETED_DEVICE_FAMILY = "1,2";
				TEST_HOST = "$(BUILT_PRODUCTS_DIR)/FunLearningWithBaby.app/FunLearningWithBaby";
			};
			name = Release;
		};
		FBD08958214648AE002506BC /* Debug */ = {
			isa = XCBuildConfiguration;
			baseConfigurationReference = 27E4B213868B3D53A1FC5C3F /* Pods-FunLearningWithBabyUITests.debug.xcconfig */;
			buildSettings = {
				ALWAYS_EMBED_SWIFT_STANDARD_LIBRARIES = YES;
				CODE_SIGN_STYLE = Automatic;
				INFOPLIST_FILE = FunLearningWithBabyUITests/Info.plist;
				LD_RUNPATH_SEARCH_PATHS = (
					"$(inherited)",
					"@executable_path/Frameworks",
					"@loader_path/Frameworks",
				);
				PRODUCT_BUNDLE_IDENTIFIER = Beacon.FunLearningWithBabyUITests;
				PRODUCT_NAME = "$(TARGET_NAME)";
				SWIFT_VERSION = 4.0;
				TARGETED_DEVICE_FAMILY = "1,2";
				TEST_TARGET_NAME = FunLearningWithBaby;
			};
			name = Debug;
		};
		FBD08959214648AE002506BC /* Release */ = {
			isa = XCBuildConfiguration;
			baseConfigurationReference = 5287C6CD9725DD94F65FBF6A /* Pods-FunLearningWithBabyUITests.release.xcconfig */;
			buildSettings = {
				ALWAYS_EMBED_SWIFT_STANDARD_LIBRARIES = YES;
				CODE_SIGN_STYLE = Automatic;
				INFOPLIST_FILE = FunLearningWithBabyUITests/Info.plist;
				LD_RUNPATH_SEARCH_PATHS = (
					"$(inherited)",
					"@executable_path/Frameworks",
					"@loader_path/Frameworks",
				);
				PRODUCT_BUNDLE_IDENTIFIER = Beacon.FunLearningWithBabyUITests;
				PRODUCT_NAME = "$(TARGET_NAME)";
				SWIFT_VERSION = 4.0;
				TARGETED_DEVICE_FAMILY = "1,2";
				TEST_TARGET_NAME = FunLearningWithBaby;
			};
			name = Release;
		};
/* End XCBuildConfiguration section */

/* Begin XCConfigurationList section */
		FBD08924214648AC002506BC /* Build configuration list for PBXProject "FunLearningWithBaby" */ = {
			isa = XCConfigurationList;
			buildConfigurations = (
				FBD0894F214648AE002506BC /* Debug */,
				FBD08950214648AE002506BC /* Release */,
			);
			defaultConfigurationIsVisible = 0;
			defaultConfigurationName = Release;
		};
		FBD08951214648AE002506BC /* Build configuration list for PBXNativeTarget "FunLearningWithBaby" */ = {
			isa = XCConfigurationList;
			buildConfigurations = (
				FBD08952214648AE002506BC /* Debug */,
				FBD08953214648AE002506BC /* Release */,
			);
			defaultConfigurationIsVisible = 0;
			defaultConfigurationName = Release;
		};
		FBD08954214648AE002506BC /* Build configuration list for PBXNativeTarget "FunLearningWithBabyTests" */ = {
			isa = XCConfigurationList;
			buildConfigurations = (
				FBD08955214648AE002506BC /* Debug */,
				FBD08956214648AE002506BC /* Release */,
			);
			defaultConfigurationIsVisible = 0;
			defaultConfigurationName = Release;
		};
		FBD08957214648AE002506BC /* Build configuration list for PBXNativeTarget "FunLearningWithBabyUITests" */ = {
			isa = XCConfigurationList;
			buildConfigurations = (
				FBD08958214648AE002506BC /* Debug */,
				FBD08959214648AE002506BC /* Release */,
			);
			defaultConfigurationIsVisible = 0;
			defaultConfigurationName = Release;
		};
/* End XCConfigurationList section */
	};
	rootObject = FBD08921214648AC002506BC /* Project object */;
}
